{
  "object": {
    "pins": [
      {
        "package": "SwiftRs",
        "repositoryURL": "https://github.com/Brendonovich/swift-rs",
        "state": {
          "branch": "master",
          "revision": "b6159657c29ee10c5bf936b1310aa7442952c16d",
          "version": null
        }
      }
    ]
  },
  "version": 1
}
