{
  "object": {
    "pins": [
      {
        "package": "SwiftRs",
        "repositoryURL": "https://github.com/Brendonovich/swift-rs",
        "state": {
          "branch": "master",
          "revision": "3b5d82806cb5fd60dd2c21f008500558131795d0",
          "version": null
        }
      }
    ]
  },
  "version": 1
}
